PODS:
  - Realm (10.25.2):
    - Realm/Headers (= 10.25.2)
  - Realm/Headers (10.25.2)
  - RealmSwift (10.25.2):
    - Realm (= 10.25.2)
  - SwiftSoup (2.4.2)

DEPENDENCIES:
  - RealmSwift
  - SwiftSoup

SPEC REPOS:
  trunk:
    - Realm
    - RealmSwift
    - SwiftSoup

SPEC CHECKSUMS:
  Realm: 978303663d0509166498f423d112e5ee97d4c91b
  RealmSwift: a0c30c1efc49e928a0a6f8fb141bb2629616d79b
  SwiftSoup: 7589ceac3b38cef742a96981cfe2b14ba55ce1e3

PODFILE CHECKSUM: fdd6b330c75635cd3f72bc953fa6971db3a08d36

COCOAPODS: 1.11.3
