// !$*UTF8*$!
{
	archiveVersion = 1;
	classes = {
	};
	objectVersion = 55;
	objects = {

/* Begin PBXBuildFile section */
		286B1D30282BA3EA00308A66 /* AppDelegate.swift in Sources */ = {isa = PBXBuildFile; fileRef = 286B1D2F282BA3EA00308A66 /* AppDelegate.swift */; };
		286B1D32282BA3EA00308A66 /* SceneDelegate.swift in Sources */ = {isa = PBXBuildFile; fileRef = 286B1D31282BA3EA00308A66 /* SceneDelegate.swift */; };
		286B1D34282BA3EA00308A66 /* ViewController.swift in Sources */ = {isa = PBXBuildFile; fileRef = 286B1D33282BA3EA00308A66 /* ViewController.swift */; };
		286B1D37282BA3EA00308A66 /* Main.storyboard in Resources */ = {isa = PBXBuildFile; fileRef = 286B1D35282BA3EA00308A66 /* Main.storyboard */; };
		286B1D39282BA3EB00308A66 /* Assets.xcassets in Resources */ = {isa = PBXBuildFile; fileRef = 286B1D38282BA3EB00308A66 /* Assets.xcassets */; };
		286B1D3C282BA3EB00308A66 /* LaunchScreen.storyboard in Resources */ = {isa = PBXBuildFile; fileRef = 286B1D3A282BA3EB00308A66 /* LaunchScreen.storyboard */; };
		289C0E78282BA927004D029C /* News.storyboard in Resources */ = {isa = PBXBuildFile; fileRef = 289C0E76282BA927004D029C /* News.storyboard */; };
		289C0E7D282BAAA7004D029C /* Calender.storyboard in Resources */ = {isa = PBXBuildFile; fileRef = 289C0E7B282BAAA7004D029C /* Calender.storyboard */; };
		289C0E82282BABE5004D029C /* Translate.storyboard in Resources */ = {isa = PBXBuildFile; fileRef = 289C0E80282BABE5004D029C /* Translate.storyboard */; };
		289C0E84282BAD29004D029C /* Goal.storyboard in Resources */ = {isa = PBXBuildFile; fileRef = 289C0E83282BAD29004D029C /* Goal.storyboard */; };
		E6AD0725FE233D70BC4BEDCB /* Pods_Bbetter_Swift.framework in Frameworks */ = {isa = PBXBuildFile; fileRef = C8E66998678ABC769E4FC243 /* Pods_Bbetter_Swift.framework */; };
/* End PBXBuildFile section */

/* Begin PBXFileReference section */
		286B1D2C282BA3EA00308A66 /* Bbetter_Swift.app */ = {isa = PBXFileReference; explicitFileType = wrapper.application; includeInIndex = 0; path = Bbetter_Swift.app; sourceTree = BUILT_PRODUCTS_DIR; };
		286B1D2F282BA3EA00308A66 /* AppDelegate.swift */ = {isa = PBXFileReference; lastKnownFileType = sourcecode.swift; path = AppDelegate.swift; sourceTree = "<group>"; };
		286B1D31282BA3EA00308A66 /* SceneDelegate.swift */ = {isa = PBXFileReference; lastKnownFileType = sourcecode.swift; path = SceneDelegate.swift; sourceTree = "<group>"; };
		286B1D33282BA3EA00308A66 /* ViewController.swift */ = {isa = PBXFileReference; lastKnownFileType = sourcecode.swift; path = ViewController.swift; sourceTree = "<group>"; };
		286B1D36282BA3EA00308A66 /* Base */ = {isa = PBXFileReference; lastKnownFileType = file.storyboard; name = Base; path = Base.lproj/Main.storyboard; sourceTree = "<group>"; };
		286B1D38282BA3EB00308A66 /* Assets.xcassets */ = {isa = PBXFileReference; lastKnownFileType = folder.assetcatalog; path = Assets.xcassets; sourceTree = "<group>"; };
		286B1D3B282BA3EB00308A66 /* Base */ = {isa = PBXFileReference; lastKnownFileType = file.storyboard; name = Base; path = Base.lproj/LaunchScreen.storyboard; sourceTree = "<group>"; };
		286B1D3D282BA3EB00308A66 /* Info.plist */ = {isa = PBXFileReference; lastKnownFileType = text.plist.xml; path = Info.plist; sourceTree = "<group>"; };
		289C0E77282BA927004D029C /* Base */ = {isa = PBXFileReference; lastKnownFileType = file.storyboard; name = Base; path = Bbetter_Swift/Base.lproj/News.storyboard; sourceTree = "<group>"; };
		289C0E7C282BAAA7004D029C /* Base */ = {isa = PBXFileReference; lastKnownFileType = file.storyboard; name = Base; path = Base.lproj/Calender.storyboard; sourceTree = "<group>"; };
		289C0E81282BABE5004D029C /* Base */ = {isa = PBXFileReference; lastKnownFileType = file.storyboard; name = Base; path = Base.lproj/Translate.storyboard; sourceTree = "<group>"; };
		289C0E83282BAD29004D029C /* Goal.storyboard */ = {isa = PBXFileReference; fileEncoding = 4; lastKnownFileType = file.storyboard; path = Goal.storyboard; sourceTree = SOURCE_ROOT; };
		34C2D69951C2A9CCBCD29AD8 /* Pods-Bbetter_Swift.release.xcconfig */ = {isa = PBXFileReference; includeInIndex = 1; lastKnownFileType = text.xcconfig; name = "Pods-Bbetter_Swift.release.xcconfig"; path = "Target Support Files/Pods-Bbetter_Swift/Pods-Bbetter_Swift.release.xcconfig"; sourceTree = "<group>"; };
		C8E66998678ABC769E4FC243 /* Pods_Bbetter_Swift.framework */ = {isa = PBXFileReference; explicitFileType = wrapper.framework; includeInIndex = 0; path = Pods_Bbetter_Swift.framework; sourceTree = BUILT_PRODUCTS_DIR; };
		FD79D5AC10211F948F5078A8 /* Pods-Bbetter_Swift.debug.xcconfig */ = {isa = PBXFileReference; includeInIndex = 1; lastKnownFileType = text.xcconfig; name = "Pods-Bbetter_Swift.debug.xcconfig"; path = "Target Support Files/Pods-Bbetter_Swift/Pods-Bbetter_Swift.debug.xcconfig"; sourceTree = "<group>"; };
/* End PBXFileReference section */

/* Begin PBXFrameworksBuildPhase section */
		286B1D29282BA3EA00308A66 /* Frameworks */ = {
			isa = PBXFrameworksBuildPhase;
			buildActionMask = 2147483647;
			files = (
				E6AD0725FE233D70BC4BEDCB /* Pods_Bbetter_Swift.framework in Frameworks */,
			);
			runOnlyForDeploymentPostprocessing = 0;
		};
/* End PBXFrameworksBuildPhase section */

/* Begin PBXGroup section */
		08C703C940F3782118BAC29E /* Pods */ = {
			isa = PBXGroup;
			children = (
				FD79D5AC10211F948F5078A8 /* Pods-Bbetter_Swift.debug.xcconfig */,
				34C2D69951C2A9CCBCD29AD8 /* Pods-Bbetter_Swift.release.xcconfig */,
			);
			name = Pods;
			path = Pods;
			sourceTree = "<group>";
		};
		286B1D23282BA3EA00308A66 = {
			isa = PBXGroup;
			children = (
				286B1D2E282BA3EA00308A66 /* Bbetter_Swift */,
				286B1D2D282BA3EA00308A66 /* Products */,
				08C703C940F3782118BAC29E /* Pods */,
				B70AFADC0ADB431F17D92A40 /* Frameworks */,
			);
			sourceTree = "<group>";
		};
		286B1D2D282BA3EA00308A66 /* Products */ = {
			isa = PBXGroup;
			children = (
				286B1D2C282BA3EA00308A66 /* Bbetter_Swift.app */,
			);
			name = Products;
			sourceTree = "<group>";
		};
		286B1D2E282BA3EA00308A66 /* Bbetter_Swift */ = {
			isa = PBXGroup;
			children = (
				289C0E83282BAD29004D029C /* Goal.storyboard */,
				289C0E80282BABE5004D029C /* Translate.storyboard */,
				289C0E7B282BAAA7004D029C /* Calender.storyboard */,
				289C0E76282BA927004D029C /* News.storyboard */,
				286B1D2F282BA3EA00308A66 /* AppDelegate.swift */,
				286B1D31282BA3EA00308A66 /* SceneDelegate.swift */,
				286B1D33282BA3EA00308A66 /* ViewController.swift */,
				286B1D35282BA3EA00308A66 /* Main.storyboard */,
				286B1D38282BA3EB00308A66 /* Assets.xcassets */,
				286B1D3A282BA3EB00308A66 /* LaunchScreen.storyboard */,
				286B1D3D282BA3EB00308A66 /* Info.plist */,
			);
			path = Bbetter_Swift;
			sourceTree = "<group>";
		};
		B70AFADC0ADB431F17D92A40 /* Frameworks */ = {
			isa = PBXGroup;
			children = (
				C8E66998678ABC769E4FC243 /* Pods_Bbetter_Swift.framework */,
			);
			name = Frameworks;
			sourceTree = "<group>";
		};
/* End PBXGroup section */

/* Begin PBXNativeTarget section */
		286B1D2B282BA3EA00308A66 /* Bbetter_Swift */ = {
			isa = PBXNativeTarget;
			buildConfigurationList = 286B1D40282BA3EB00308A66 /* Build configuration list for PBXNativeTarget "Bbetter_Swift" */;
			buildPhases = (
				291C0EDC870CCCADDBF36DDE /* [CP] Check Pods Manifest.lock */,
				286B1D28282BA3EA00308A66 /* Sources */,
				286B1D29282BA3EA00308A66 /* Frameworks */,
				286B1D2A282BA3EA00308A66 /* Resources */,
				90CDDFAD4A4601A50B6C611D /* [CP] Embed Pods Frameworks */,
			);
			buildRules = (
			);
			dependencies = (
			);
			name = Bbetter_Swift;
			productName = Bbetter_Swift;
			productReference = 286B1D2C282BA3EA00308A66 /* Bbetter_Swift.app */;
			productType = "com.apple.product-type.application";
		};
/* End PBXNativeTarget section */

/* Begin PBXProject section */
		286B1D24282BA3EA00308A66 /* Project object */ = {
			isa = PBXProject;
			attributes = {
				BuildIndependentTargetsInParallel = 1;
				LastSwiftUpdateCheck = 1330;
				LastUpgradeCheck = 1330;
				TargetAttributes = {
					286B1D2B282BA3EA00308A66 = {
						CreatedOnToolsVersion = 13.3;
					};
				};
			};
			buildConfigurationList = 286B1D27282BA3EA00308A66 /* Build configuration list for PBXProject "Bbetter_Swift" */;
			compatibilityVersion = "Xcode 13.0";
			developmentRegion = en;
			hasScannedForEncodings = 0;
			knownRegions = (
				en,
				Base,
			);
			mainGroup = 286B1D23282BA3EA00308A66;
			productRefGroup = 286B1D2D282BA3EA00308A66 /* Products */;
			projectDirPath = "";
			projectRoot = "";
			targets = (
				286B1D2B282BA3EA00308A66 /* Bbetter_Swift */,
			);
		};
/* End PBXProject section */

/* Begin PBXResourcesBuildPhase section */
		286B1D2A282BA3EA00308A66 /* Resources */ = {
			isa = PBXResourcesBuildPhase;
			buildActionMask = 2147483647;
			files = (
				289C0E82282BABE5004D029C /* Translate.storyboard in Resources */,
				289C0E7D282BAAA7004D029C /* Calender.storyboard in Resources */,
				286B1D3C282BA3EB00308A66 /* LaunchScreen.storyboard in Resources */,
				286B1D39282BA3EB00308A66 /* Assets.xcassets in Resources */,
				289C0E84282BAD29004D029C /* Goal.storyboard in Resources */,
				286B1D37282BA3EA00308A66 /* Main.storyboard in Resources */,
				289C0E78282BA927004D029C /* News.storyboard in Resources */,
			);
			runOnlyForDeploymentPostprocessing = 0;
		};
/* End PBXResourcesBuildPhase section */

/* Begin PBXShellScriptBuildPhase section */
		291C0EDC870CCCADDBF36DDE /* [CP] Check Pods Manifest.lock */ = {
			isa = PBXShellScriptBuildPhase;
			buildActionMask = 2147483647;
			files = (
			);
			inputFileListPaths = (
			);
			inputPaths = (
				"${PODS_PODFILE_DIR_PATH}/Podfile.lock",
				"${PODS_ROOT}/Manifest.lock",
			);
			name = "[CP] Check Pods Manifest.lock";
			outputFileListPaths = (
			);
			outputPaths = (
				"$(DERIVED_FILE_DIR)/Pods-Bbetter_Swift-checkManifestLockResult.txt",
			);
			runOnlyForDeploymentPostprocessing = 0;
			shellPath = /bin/sh;
			shellScript = "diff \"${PODS_PODFILE_DIR_PATH}/Podfile.lock\" \"${PODS_ROOT}/Manifest.lock\" > /dev/null\nif [ $? != 0 ] ; then\n    # print error to STDERR\n    echo \"error: The sandbox is not in sync with the Podfile.lock. Run 'pod install' or update your CocoaPods installation.\" >&2\n    exit 1\nfi\n# This output is used by Xcode 'outputs' to avoid re-running this script phase.\necho \"SUCCESS\" > \"${SCRIPT_OUTPUT_FILE_0}\"\n";
			showEnvVarsInLog = 0;
		};
		90CDDFAD4A4601A50B6C611D /* [CP] Embed Pods Frameworks */ = {
			isa = PBXShellScriptBuildPhase;
			buildActionMask = 2147483647;
			files = (
			);
			inputFileListPaths = (
				"${PODS_ROOT}/Target Support Files/Pods-Bbetter_Swift/Pods-Bbetter_Swift-frameworks-${CONFIGURATION}-input-files.xcfilelist",
			);
			name = "[CP] Embed Pods Frameworks";
			outputFileListPaths = (
				"${PODS_ROOT}/Target Support Files/Pods-Bbetter_Swift/Pods-Bbetter_Swift-frameworks-${CONFIGURATION}-output-files.xcfilelist",
			);
			runOnlyForDeploymentPostprocessing = 0;
			shellPath = /bin/sh;
			shellScript = "\"${PODS_ROOT}/Target Support Files/Pods-Bbetter_Swift/Pods-Bbetter_Swift-frameworks.sh\"\n";
			showEnvVarsInLog = 0;
		};
/* End PBXShellScriptBuildPhase section */

/* Begin PBXSourcesBuildPhase section */
		286B1D28282BA3EA00308A66 /* Sources */ = {
			isa = PBXSourcesBuildPhase;
			buildActionMask = 2147483647;
			files = (
				286B1D34282BA3EA00308A66 /* ViewController.swift in Sources */,
				286B1D30282BA3EA00308A66 /* AppDelegate.swift in Sources */,
				286B1D32282BA3EA00308A66 /* SceneDelegate.swift in Sources */,
			);
			runOnlyForDeploymentPostprocessing = 0;
		};
/* End PBXSourcesBuildPhase section */

/* Begin PBXVariantGroup section */
		286B1D35282BA3EA00308A66 /* Main.storyboard */ = {
			isa = PBXVariantGroup;
			children = (
				286B1D36282BA3EA00308A66 /* Base */,
			);
			name = Main.storyboard;
			sourceTree = "<group>";
		};
		286B1D3A282BA3EB00308A66 /* LaunchScreen.storyboard */ = {
			isa = PBXVariantGroup;
			children = (
				286B1D3B282BA3EB00308A66 /* Base */,
			);
			name = LaunchScreen.storyboard;
			sourceTree = "<group>";
		};
		289C0E76282BA927004D029C /* News.storyboard */ = {
			isa = PBXVariantGroup;
			children = (
				289C0E77282BA927004D029C /* Base */,
			);
			name = News.storyboard;
			sourceTree = "<group>";
		};
		289C0E7B282BAAA7004D029C /* Calender.storyboard */ = {
			isa = PBXVariantGroup;
			children = (
				289C0E7C282BAAA7004D029C /* Base */,
			);
			name = Calender.storyboard;
			sourceTree = "<group>";
		};
		289C0E80282BABE5004D029C /* Translate.storyboard */ = {
			isa = PBXVariantGroup;
			children = (
				289C0E81282BABE5004D029C /* Base */,
			);
			name = Translate.storyboard;
			sourceTree = "<group>";
		};
/* End PBXVariantGroup section */

/* Begin XCBuildConfiguration section */
		286B1D3E282BA3EB00308A66 /* Debug */ = {
			isa = XCBuildConfiguration;
			buildSettings = {
				ALWAYS_SEARCH_USER_PATHS = NO;
				CLANG_ANALYZER_NONNULL = YES;
				CLANG_ANALYZER_NUMBER_OBJECT_CONVERSION = YES_AGGRESSIVE;
				CLANG_CXX_LANGUAGE_STANDARD = "gnu++17";
				CLANG_ENABLE_MODULES = YES;
				CLANG_ENABLE_OBJC_ARC = YES;
				CLANG_ENABLE_OBJC_WEAK = YES;
				CLANG_WARN_BLOCK_CAPTURE_AUTORELEASING = YES;
				CLANG_WARN_BOOL_CONVERSION = YES;
				CLANG_WARN_COMMA = YES;
				CLANG_WARN_CONSTANT_CONVERSION = YES;
				CLANG_WARN_DEPRECATED_OBJC_IMPLEMENTATIONS = YES;
				CLANG_WARN_DIRECT_OBJC_ISA_USAGE = YES_ERROR;
				CLANG_WARN_DOCUMENTATION_COMMENTS = YES;
				CLANG_WARN_EMPTY_BODY = YES;
				CLANG_WARN_ENUM_CONVERSION = YES;
				CLANG_WARN_INFINITE_RECURSION = YES;
				CLANG_WARN_INT_CONVERSION = YES;
				CLANG_WARN_NON_LITERAL_NULL_CONVERSION = YES;
				CLANG_WARN_OBJC_IMPLICIT_RETAIN_SELF = YES;
				CLANG_WARN_OBJC_LITERAL_CONVERSION = YES;
				CLANG_WARN_OBJC_ROOT_CLASS = YES_ERROR;
				CLANG_WARN_QUOTED_INCLUDE_IN_FRAMEWORK_HEADER = YES;
				CLANG_WARN_RANGE_LOOP_ANALYSIS = YES;
				CLANG_WARN_STRICT_PROTOTYPES = YES;
				CLANG_WARN_SUSPICIOUS_MOVE = YES;
				CLANG_WARN_UNGUARDED_AVAILABILITY = YES_AGGRESSIVE;
				CLANG_WARN_UNREACHABLE_CODE = YES;
				CLANG_WARN__DUPLICATE_METHOD_MATCH = YES;
				COPY_PHASE_STRIP = NO;
				DEBUG_INFORMATION_FORMAT = dwarf;
				ENABLE_STRICT_OBJC_MSGSEND = YES;
				ENABLE_TESTABILITY = YES;
				GCC_C_LANGUAGE_STANDARD = gnu11;
				GCC_DYNAMIC_NO_PIC = NO;
				GCC_NO_COMMON_BLOCKS = YES;
				GCC_OPTIMIZATION_LEVEL = 0;
				GCC_PREPROCESSOR_DEFINITIONS = (
					"DEBUG=1",
					"$(inherited)",
				);
				GCC_WARN_64_TO_32_BIT_CONVERSION = YES;
				GCC_WARN_ABOUT_RETURN_TYPE = YES_ERROR;
				GCC_WARN_UNDECLARED_SELECTOR = YES;
				GCC_WARN_UNINITIALIZED_AUTOS = YES_AGGRESSIVE;
				GCC_WARN_UNUSED_FUNCTION = YES;
				GCC_WARN_UNUSED_VARIABLE = YES;
				IPHONEOS_DEPLOYMENT_TARGET = 15.4;
				MTL_ENABLE_DEBUG_INFO = INCLUDE_SOURCE;
				MTL_FAST_MATH = YES;
				ONLY_ACTIVE_ARCH = YES;
				SDKROOT = iphoneos;
				SWIFT_ACTIVE_COMPILATION_CONDITIONS = DEBUG;
				SWIFT_OPTIMIZATION_LEVEL = "-Onone";
			};
			name = Debug;
		};
		286B1D3F282BA3EB00308A66 /* Release */ = {
			isa = XCBuildConfiguration;
			buildSettings = {
				ALWAYS_SEARCH_USER_PATHS = NO;
				CLANG_ANALYZER_NONNULL = YES;
				CLANG_ANALYZER_NUMBER_OBJECT_CONVERSION = YES_AGGRESSIVE;
				CLANG_CXX_LANGUAGE_STANDARD = "gnu++17";
				CLANG_ENABLE_MODULES = YES;
				CLANG_ENABLE_OBJC_ARC = YES;
				CLANG_ENABLE_OBJC_WEAK = YES;
				CLANG_WARN_BLOCK_CAPTURE_AUTORELEASING = YES;
				CLANG_WARN_BOOL_CONVERSION = YES;
				CLANG_WARN_COMMA = YES;
				CLANG_WARN_CONSTANT_CONVERSION = YES;
				CLANG_WARN_DEPRECATED_OBJC_IMPLEMENTATIONS = YES;
				CLANG_WARN_DIRECT_OBJC_ISA_USAGE = YES_ERROR;
				CLANG_WARN_DOCUMENTATION_COMMENTS = YES;
				CLANG_WARN_EMPTY_BODY = YES;
				CLANG_WARN_ENUM_CONVERSION = YES;
				CLANG_WARN_INFINITE_RECURSION = YES;
				CLANG_WARN_INT_CONVERSION = YES;
				CLANG_WARN_NON_LITERAL_NULL_CONVERSION = YES;
				CLANG_WARN_OBJC_IMPLICIT_RETAIN_SELF = YES;
				CLANG_WARN_OBJC_LITERAL_CONVERSION = YES;
				CLANG_WARN_OBJC_ROOT_CLASS = YES_ERROR;
				CLANG_WARN_QUOTED_INCLUDE_IN_FRAMEWORK_HEADER = YES;
				CLANG_WARN_RANGE_LOOP_ANALYSIS = YES;
				CLANG_WARN_STRICT_PROTOTYPES = YES;
				CLANG_WARN_SUSPICIOUS_MOVE = YES;
				CLANG_WARN_UNGUARDED_AVAILABILITY = YES_AGGRESSIVE;
				CLANG_WARN_UNREACHABLE_CODE = YES;
				CLANG_WARN__DUPLICATE_METHOD_MATCH = YES;
				COPY_PHASE_STRIP = NO;
				DEBUG_INFORMATION_FORMAT = "dwarf-with-dsym";
				ENABLE_NS_ASSERTIONS = NO;
				ENABLE_STRICT_OBJC_MSGSEND = YES;
				GCC_C_LANGUAGE_STANDARD = gnu11;
				GCC_NO_COMMON_BLOCKS = YES;
				GCC_WARN_64_TO_32_BIT_CONVERSION = YES;
				GCC_WARN_ABOUT_RETURN_TYPE = YES_ERROR;
				GCC_WARN_UNDECLARED_SELECTOR = YES;
				GCC_WARN_UNINITIALIZED_AUTOS = YES_AGGRESSIVE;
				GCC_WARN_UNUSED_FUNCTION = YES;
				GCC_WARN_UNUSED_VARIABLE = YES;
				IPHONEOS_DEPLOYMENT_TARGET = 15.4;
				MTL_ENABLE_DEBUG_INFO = NO;
				MTL_FAST_MATH = YES;
				SDKROOT = iphoneos;
				SWIFT_COMPILATION_MODE = wholemodule;
				SWIFT_OPTIMIZATION_LEVEL = "-O";
				VALIDATE_PRODUCT = YES;
			};
			name = Release;
		};
		286B1D41282BA3EB00308A66 /* Debug */ = {
			isa = XCBuildConfiguration;
			baseConfigurationReference = FD79D5AC10211F948F5078A8 /* Pods-Bbetter_Swift.debug.xcconfig */;
			buildSettings = {
				ASSETCATALOG_COMPILER_APPICON_NAME = AppIcon;
				ASSETCATALOG_COMPILER_GLOBAL_ACCENT_COLOR_NAME = AccentColor;
				CODE_SIGN_STYLE = Automatic;
				CURRENT_PROJECT_VERSION = 1;
				GENERATE_INFOPLIST_FILE = YES;
				INFOPLIST_FILE = Bbetter_Swift/Info.plist;
				INFOPLIST_KEY_UIApplicationSupportsIndirectInputEvents = YES;
				INFOPLIST_KEY_UILaunchStoryboardName = LaunchScreen;
				INFOPLIST_KEY_UIMainStoryboardFile = Main;
				INFOPLIST_KEY_UISupportedInterfaceOrientations_iPad = "UIInterfaceOrientationPortrait UIInterfaceOrientationPortraitUpsideDown UIInterfaceOrientationLandscapeLeft UIInterfaceOrientationLandscapeRight";
				INFOPLIST_KEY_UISupportedInterfaceOrientations_iPhone = "UIInterfaceOrientationPortrait UIInterfaceOrientationLandscapeLeft UIInterfaceOrientationLandscapeRight";
				LD_RUNPATH_SEARCH_PATHS = (
					"$(inherited)",
					"@executable_path/Frameworks",
				);
				MARKETING_VERSION = 1.0;
				PRODUCT_BUNDLE_IDENTIFIER = "Sweetft.Bbetter-Swift";
				PRODUCT_NAME = "$(TARGET_NAME)";
				SWIFT_EMIT_LOC_STRINGS = YES;
				SWIFT_VERSION = 5.0;
				TARGETED_DEVICE_FAMILY = "1,2";
			};
			name = Debug;
		};
		286B1D42282BA3EB00308A66 /* Release */ = {
			isa = XCBuildConfiguration;
			baseConfigurationReference = 34C2D69951C2A9CCBCD29AD8 /* Pods-Bbetter_Swift.release.xcconfig */;
			buildSettings = {
				ASSETCATALOG_COMPILER_APPICON_NAME = AppIcon;
				ASSETCATALOG_COMPILER_GLOBAL_ACCENT_COLOR_NAME = AccentColor;
				CODE_SIGN_STYLE = Automatic;
				CURRENT_PROJECT_VERSION = 1;
				GENERATE_INFOPLIST_FILE = YES;
				INFOPLIST_FILE = Bbetter_Swift/Info.plist;
				INFOPLIST_KEY_UIApplicationSupportsIndirectInputEvents = YES;
				INFOPLIST_KEY_UILaunchStoryboardName = LaunchScreen;
				INFOPLIST_KEY_UIMainStoryboardFile = Main;
				INFOPLIST_KEY_UISupportedInterfaceOrientations_iPad = "UIInterfaceOrientationPortrait UIInterfaceOrientationPortraitUpsideDown UIInterfaceOrientationLandscapeLeft UIInterfaceOrientationLandscapeRight";
				INFOPLIST_KEY_UISupportedInterfaceOrientations_iPhone = "UIInterfaceOrientationPortrait UIInterfaceOrientationLandscapeLeft UIInterfaceOrientationLandscapeRight";
				LD_RUNPATH_SEARCH_PATHS = (
					"$(inherited)",
					"@executable_path/Frameworks",
				);
				MARKETING_VERSION = 1.0;
				PRODUCT_BUNDLE_IDENTIFIER = "Sweetft.Bbetter-Swift";
				PRODUCT_NAME = "$(TARGET_NAME)";
				SWIFT_EMIT_LOC_STRINGS = YES;
				SWIFT_VERSION = 5.0;
				TARGETED_DEVICE_FAMILY = "1,2";
			};
			name = Release;
		};
/* End XCBuildConfiguration section */

/* Begin XCConfigurationList section */
		286B1D27282BA3EA00308A66 /* Build configuration list for PBXProject "Bbetter_Swift" */ = {
			isa = XCConfigurationList;
			buildConfigurations = (
				286B1D3E282BA3EB00308A66 /* Debug */,
				286B1D3F282BA3EB00308A66 /* Release */,
			);
			defaultConfigurationIsVisible = 0;
			defaultConfigurationName = Release;
		};
		286B1D40282BA3EB00308A66 /* Build configuration list for PBXNativeTarget "Bbetter_Swift" */ = {
			isa = XCConfigurationList;
			buildConfigurations = (
				286B1D41282BA3EB00308A66 /* Debug */,
				286B1D42282BA3EB00308A66 /* Release */,
			);
			defaultConfigurationIsVisible = 0;
			defaultConfigurationName = Release;
		};
/* End XCConfigurationList section */
	};
	rootObject = 286B1D24282BA3EA00308A66 /* Project object */;
}
